<?xml version="1.0" encoding="utf-8"?>
<Project ToolsVersion="4.0" xmlns="http://schemas.microsoft.com/developer/msbuild/2003">
  <ItemGroup>
    <ClCompile Include="RootBot\MyBotModule.cpp" />
    <ClCompile Include="RootBot\main.cpp" />
    <ClCompile Include="RootBot\UXManager.cpp" />
    <ClCompile Include="RootBot\GameCommander.cpp" />
  </ItemGroup>
  <ItemGroup>
    <ClInclude Include="RootBot\MyBotModule.h" />
    <ClInclude Include="RootBot\UXManager.h" />
    <ClInclude Include="RootBot\GameCommander.h" />
  </ItemGroup>
</Project>